
Microsoft Visual Studio Solution File, Format Version 12.00
# Visual Studio Version 16
VisualStudioVersion = 16.0.29926.136
MinimumVisualStudioVersion = 10.0.40219.1
Project("{FAE04EC0-301F-11D3-BF4B-00C04F79EFBC}") = "WpfApp1", "WpfApp1.csproj", "{F8312045-44EA-44DE-B54B-02D2EA76156B}"
EndProject
Project("{2150E333-8FDC-42A3-9474-1A3956D46DE8}") = "WPF", "WPF", "{828A40EA-F9F2-4899-945A-368A8FE0BCAA}"
EndProject
Global
	GlobalSection(SolutionConfigurationPlatforms) = preSolution
		Debug|Any CPU = Debug|Any CPU
		Release|Any CPU = Release|Any CPU
	EndGlobalSection
	GlobalSection(ProjectConfigurationPlatforms) = postSolution
		{F8312045-44EA-44DE-B54B-02D2EA76156B}.Debug|Any CPU.ActiveCfg = Debug|Any CPU
		{F8312045-44EA-44DE-B54B-02D2EA76156B}.Debug|Any CPU.Build.0 = Debug|Any CPU
		{F8312045-44EA-44DE-B54B-02D2EA76156B}.Release|Any CPU.ActiveCfg = Release|Any CPU
		{F8312045-44EA-44DE-B54B-02D2EA76156B}.Release|Any CPU.Build.0 = Release|Any CPU
	EndGlobalSection
	GlobalSection(SolutionProperties) = preSolution
		HideSolutionNode = FALSE
	EndGlobalSection
	GlobalSection(NestedProjects) = preSolution
		{F8312045-44EA-44DE-B54B-02D2EA76156B} = {828A40EA-F9F2-4899-945A-368A8FE0BCAA}
	EndGlobalSection
	GlobalSection(ExtensibilityGlobals) = postSolution
		SolutionGuid = {569EF04D-B7A9-4B8B-86F2-66A69777F522}
	EndGlobalSection
EndGlobal
